
Microsoft Visual Studio Solution File, Format Version 12.00
# Visual Studio 14
VisualStudioVersion = 14.0.23107.0
MinimumVisualStudioVersion = 10.0.40219.1
Project("{F184B08F-C81C-45F6-A57F-5ABD9991F28F}") = "Complementario3", "Complementario3\Complementario3.vbproj", "{81E08732-4E91-4DEC-A638-FC3F32F2D6B1}"
EndProject
Global
	GlobalSection(SolutionConfigurationPlatforms) = preSolution
		Debug|Any CPU = Debug|Any CPU
		Release|Any CPU = Release|Any CPU
	EndGlobalSection
	GlobalSection(ProjectConfigurationPlatforms) = postSolution
		{81E08732-4E91-4DEC-A638-FC3F32F2D6B1}.Debug|Any CPU.ActiveCfg = Debug|Any CPU
		{81E08732-4E91-4DEC-A638-FC3F32F2D6B1}.Debug|Any CPU.Build.0 = Debug|Any CPU
		{81E08732-4E91-4DEC-A638-FC3F32F2D6B1}.Release|Any CPU.ActiveCfg = Release|Any CPU
		{81E08732-4E91-4DEC-A638-FC3F32F2D6B1}.Release|Any CPU.Build.0 = Release|Any CPU
	EndGlobalSection
	GlobalSection(SolutionProperties) = preSolution
		HideSolutionNode = FALSE
	EndGlobalSection
EndGlobal
